
Microsoft Visual Studio Solution File, Format Version 12.00
# Visual Studio Version 17
VisualStudioVersion = 17.13.35931.197 d17.13
MinimumVisualStudioVersion = 10.0.40219.1
Project("{FAE04EC0-301F-11D3-BF4B-00C04F79EFBC}") = "Dependabot-Test", "Dependabot-Test\Dependabot-Test.csproj", "{7D7A1423-9C11-4082-B26B-4AA7DBE8E2F3}"
EndProject
Global
	GlobalSection(SolutionConfigurationPlatforms) = preSolution
		Debug|Any CPU = Debug|Any CPU
		Release|Any CPU = Release|Any CPU
	EndGlobalSection
	GlobalSection(ProjectConfigurationPlatforms) = postSolution
		{7D7A1423-9C11-4082-B26B-4AA7DBE8E2F3}.Debug|Any CPU.ActiveCfg = Debug|Any CPU
		{7D7A1423-9C11-4082-B26B-4AA7DBE8E2F3}.Debug|Any CPU.Build.0 = Debug|Any CPU
		{7D7A1423-9C11-4082-B26B-4AA7DBE8E2F3}.Release|Any CPU.ActiveCfg = Release|Any CPU
		{7D7A1423-9C11-4082-B26B-4AA7DBE8E2F3}.Release|Any CPU.Build.0 = Release|Any CPU
	EndGlobalSection
	GlobalSection(SolutionProperties) = preSolution
		HideSolutionNode = FALSE
	EndGlobalSection
	GlobalSection(ExtensibilityGlobals) = postSolution
		SolutionGuid = {1A79CF1A-3B7E-4910-A22B-912F38F16F46}
	EndGlobalSection
EndGlobal
